
Microsoft Visual Studio Solution File, Format Version 12.00
# Visual Studio Version 17
VisualStudioVersion = 17.8.34525.116
MinimumVisualStudioVersion = 10.0.40219.1
Project("{FAE04EC0-301F-11D3-BF4B-00C04F79EFBC}") = "SMA_CleanArchitect", "SMA_CleanArchitect\SMA_CleanArchitect.csproj", "{F8131D64-3B24-4CDC-9AB1-3392D2014356}"
EndProject
Project("{2150E333-8FDC-42A3-9474-1A3956D46DE8}") = "src", "src", "{6D0BABC7-E66E-48AA-938A-0A7EF33CC489}"
EndProject
Project("{FAE04EC0-301F-11D3-BF4B-00C04F79EFBC}") = "Domain", "Domain\Domain.csproj", "{3F736DE1-DD89-4E8D-A671-AE540327A1F7}"
EndProject
Project("{FAE04EC0-301F-11D3-BF4B-00C04F79EFBC}") = "Application", "Application\Application.csproj", "{602B100D-ECF3-4D83-BB59-1ECAA90C35AF}"
EndProject
Project("{FAE04EC0-301F-11D3-BF4B-00C04F79EFBC}") = "Infrastructure", "Infrastructure\Infrastructure.csproj", "{2930005F-A391-4AB6-A860-F74D9BD88C82}"
EndProject
Global
	GlobalSection(SolutionConfigurationPlatforms) = preSolution
		Debug|Any CPU = Debug|Any CPU
		Release|Any CPU = Release|Any CPU
	EndGlobalSection
	GlobalSection(ProjectConfigurationPlatforms) = postSolution
		{F8131D64-3B24-4CDC-9AB1-3392D2014356}.Debug|Any CPU.ActiveCfg = Debug|Any CPU
		{F8131D64-3B24-4CDC-9AB1-3392D2014356}.Debug|Any CPU.Build.0 = Debug|Any CPU
		{F8131D64-3B24-4CDC-9AB1-3392D2014356}.Release|Any CPU.ActiveCfg = Release|Any CPU
		{F8131D64-3B24-4CDC-9AB1-3392D2014356}.Release|Any CPU.Build.0 = Release|Any CPU
		{3F736DE1-DD89-4E8D-A671-AE540327A1F7}.Debug|Any CPU.ActiveCfg = Debug|Any CPU
		{3F736DE1-DD89-4E8D-A671-AE540327A1F7}.Debug|Any CPU.Build.0 = Debug|Any CPU
		{3F736DE1-DD89-4E8D-A671-AE540327A1F7}.Release|Any CPU.ActiveCfg = Release|Any CPU
		{3F736DE1-DD89-4E8D-A671-AE540327A1F7}.Release|Any CPU.Build.0 = Release|Any CPU
		{602B100D-ECF3-4D83-BB59-1ECAA90C35AF}.Debug|Any CPU.ActiveCfg = Debug|Any CPU
		{602B100D-ECF3-4D83-BB59-1ECAA90C35AF}.Debug|Any CPU.Build.0 = Debug|Any CPU
		{602B100D-ECF3-4D83-BB59-1ECAA90C35AF}.Release|Any CPU.ActiveCfg = Release|Any CPU
		{602B100D-ECF3-4D83-BB59-1ECAA90C35AF}.Release|Any CPU.Build.0 = Release|Any CPU
		{2930005F-A391-4AB6-A860-F74D9BD88C82}.Debug|Any CPU.ActiveCfg = Debug|Any CPU
		{2930005F-A391-4AB6-A860-F74D9BD88C82}.Debug|Any CPU.Build.0 = Debug|Any CPU
		{2930005F-A391-4AB6-A860-F74D9BD88C82}.Release|Any CPU.ActiveCfg = Release|Any CPU
		{2930005F-A391-4AB6-A860-F74D9BD88C82}.Release|Any CPU.Build.0 = Release|Any CPU
	EndGlobalSection
	GlobalSection(SolutionProperties) = preSolution
		HideSolutionNode = FALSE
	EndGlobalSection
	GlobalSection(NestedProjects) = preSolution
		{F8131D64-3B24-4CDC-9AB1-3392D2014356} = {6D0BABC7-E66E-48AA-938A-0A7EF33CC489}
		{3F736DE1-DD89-4E8D-A671-AE540327A1F7} = {6D0BABC7-E66E-48AA-938A-0A7EF33CC489}
		{602B100D-ECF3-4D83-BB59-1ECAA90C35AF} = {6D0BABC7-E66E-48AA-938A-0A7EF33CC489}
		{2930005F-A391-4AB6-A860-F74D9BD88C82} = {6D0BABC7-E66E-48AA-938A-0A7EF33CC489}
	EndGlobalSection
	GlobalSection(ExtensibilityGlobals) = postSolution
		SolutionGuid = {0AB7D13F-3433-40D9-833E-6655079D9A65}
	EndGlobalSection
EndGlobal
